
Microsoft Visual Studio Solution File, Format Version 12.00
# Visual Studio Version 16
VisualStudioVersion = 16.0.30907.101
MinimumVisualStudioVersion = 10.0.40219.1
Project("{8BC9CEB8-8B4A-11D0-8D11-00A0C91BC942}") = "HW1_Hangman_Hawke", "HW1_Hangman_Hawke\HW1_Hangman_Hawke.vcxproj", "{1D17BC18-4E1D-42A5-AB5B-9BE4737B19A1}"
EndProject
Global
	GlobalSection(SolutionConfigurationPlatforms) = preSolution
		Debug|x64 = Debug|x64
		Debug|x86 = Debug|x86
		Release|x64 = Release|x64
		Release|x86 = Release|x86
	EndGlobalSection
	GlobalSection(ProjectConfigurationPlatforms) = postSolution
		{1D17BC18-4E1D-42A5-AB5B-9BE4737B19A1}.Debug|x64.ActiveCfg = Debug|x64
		{1D17BC18-4E1D-42A5-AB5B-9BE4737B19A1}.Debug|x64.Build.0 = Debug|x64
		{1D17BC18-4E1D-42A5-AB5B-9BE4737B19A1}.Debug|x86.ActiveCfg = Debug|Win32
		{1D17BC18-4E1D-42A5-AB5B-9BE4737B19A1}.Debug|x86.Build.0 = Debug|Win32
		{1D17BC18-4E1D-42A5-AB5B-9BE4737B19A1}.Release|x64.ActiveCfg = Release|x64
		{1D17BC18-4E1D-42A5-AB5B-9BE4737B19A1}.Release|x64.Build.0 = Release|x64
		{1D17BC18-4E1D-42A5-AB5B-9BE4737B19A1}.Release|x86.ActiveCfg = Release|Win32
		{1D17BC18-4E1D-42A5-AB5B-9BE4737B19A1}.Release|x86.Build.0 = Release|Win32
	EndGlobalSection
	GlobalSection(SolutionProperties) = preSolution
		HideSolutionNode = FALSE
	EndGlobalSection
	GlobalSection(ExtensibilityGlobals) = postSolution
		SolutionGuid = {A0ABF63B-896E-41D6-A06B-A53D7696F4CC}
	EndGlobalSection
EndGlobal
